
Microsoft Visual Studio Solution File, Format Version 12.00
# Visual Studio 15
VisualStudioVersion = 15.0.28307.572
MinimumVisualStudioVersion = 10.0.40219.1
Project("{FAE04EC0-301F-11D3-BF4B-00C04F79EFBC}") = "ExcelToArray", "ExcelToArray\ExcelToArray.csproj", "{0DD9ED92-1BEB-496E-9EB9-BC174A871855}"
EndProject
Global
	GlobalSection(SolutionConfigurationPlatforms) = preSolution
		Debug|Any CPU = Debug|Any CPU
		Release|Any CPU = Release|Any CPU
	EndGlobalSection
	GlobalSection(ProjectConfigurationPlatforms) = postSolution
		{0DD9ED92-1BEB-496E-9EB9-BC174A871855}.Debug|Any CPU.ActiveCfg = Debug|Any CPU
		{0DD9ED92-1BEB-496E-9EB9-BC174A871855}.Debug|Any CPU.Build.0 = Debug|Any CPU
		{0DD9ED92-1BEB-496E-9EB9-BC174A871855}.Release|Any CPU.ActiveCfg = Release|Any CPU
		{0DD9ED92-1BEB-496E-9EB9-BC174A871855}.Release|Any CPU.Build.0 = Release|Any CPU
	EndGlobalSection
	GlobalSection(SolutionProperties) = preSolution
		HideSolutionNode = FALSE
	EndGlobalSection
	GlobalSection(ExtensibilityGlobals) = postSolution
		SolutionGuid = {79964F85-0400-4E5D-B521-CB890E52F581}
	EndGlobalSection
EndGlobal
